
Microsoft Visual Studio Solution File, Format Version 12.00
# Visual Studio 15
VisualStudioVersion = 15.0.28307.779
MinimumVisualStudioVersion = 10.0.40219.1
Project("{FAE04EC0-301F-11D3-BF4B-00C04F79EFBC}") = "doWhileLoops.API", "doWhileLoops.API\doWhileLoops.API.csproj", "{1E76CA11-65CD-403E-9487-02A3B45CFB46}"
EndProject
Project("{FAE04EC0-301F-11D3-BF4B-00C04F79EFBC}") = "doWhileLoops.Services", "doWhileLoops.Services\doWhileLoops.Services.csproj", "{CFC199CD-894F-4801-80A9-4727525EA9EF}"
EndProject
Project("{FAE04EC0-301F-11D3-BF4B-00C04F79EFBC}") = "doWhileLoops.ExternalAPIWebJob", "doWhileLoops.ExternalAPIWebJob\doWhileLoops.ExternalAPIWebJob.csproj", "{28462D91-BBF6-4037-86C4-D0E8600B8EE6}"
EndProject
Global
	GlobalSection(SolutionConfigurationPlatforms) = preSolution
		Debug|Any CPU = Debug|Any CPU
		Release|Any CPU = Release|Any CPU
	EndGlobalSection
	GlobalSection(ProjectConfigurationPlatforms) = postSolution
		{1E76CA11-65CD-403E-9487-02A3B45CFB46}.Debug|Any CPU.ActiveCfg = Debug|Any CPU
		{1E76CA11-65CD-403E-9487-02A3B45CFB46}.Debug|Any CPU.Build.0 = Debug|Any CPU
		{1E76CA11-65CD-403E-9487-02A3B45CFB46}.Release|Any CPU.ActiveCfg = Release|Any CPU
		{1E76CA11-65CD-403E-9487-02A3B45CFB46}.Release|Any CPU.Build.0 = Release|Any CPU
		{CFC199CD-894F-4801-80A9-4727525EA9EF}.Debug|Any CPU.ActiveCfg = Debug|Any CPU
		{CFC199CD-894F-4801-80A9-4727525EA9EF}.Debug|Any CPU.Build.0 = Debug|Any CPU
		{CFC199CD-894F-4801-80A9-4727525EA9EF}.Release|Any CPU.ActiveCfg = Release|Any CPU
		{CFC199CD-894F-4801-80A9-4727525EA9EF}.Release|Any CPU.Build.0 = Release|Any CPU
		{28462D91-BBF6-4037-86C4-D0E8600B8EE6}.Debug|Any CPU.ActiveCfg = Debug|Any CPU
		{28462D91-BBF6-4037-86C4-D0E8600B8EE6}.Debug|Any CPU.Build.0 = Debug|Any CPU
		{28462D91-BBF6-4037-86C4-D0E8600B8EE6}.Release|Any CPU.ActiveCfg = Release|Any CPU
		{28462D91-BBF6-4037-86C4-D0E8600B8EE6}.Release|Any CPU.Build.0 = Release|Any CPU
	EndGlobalSection
	GlobalSection(SolutionProperties) = preSolution
		HideSolutionNode = FALSE
	EndGlobalSection
	GlobalSection(ExtensibilityGlobals) = postSolution
		SolutionGuid = {6393AFDD-8524-4CE3-AEEE-3BAFD41D7ACE}
	EndGlobalSection
EndGlobal
